
Microsoft Visual Studio Solution File, Format Version 12.00
Project("{FAE04EC0-301F-11D3-BF4B-00C04F79EFBC}") = "Lib", "Lib\Lib.csproj", "{8C0B6083-789F-4B21-96F9-9F433FF317D1}"
EndProject
Project("{FAE04EC0-301F-11D3-BF4B-00C04F79EFBC}") = "App", "App\App.csproj", "{E5F9C183-D433-404E-9315-A4D627849AC2}"
EndProject
Project("{FAE04EC0-301F-11D3-BF4B-00C04F79EFBC}") = "PackageRefApp", "PackageRefApp\PackageRefApp.csproj", "{947A666D-9917-4975-B3E4-7338222F95B5}"
EndProject
Project("{FAE04EC0-301F-11D3-BF4B-00C04F79EFBC}") = "Lib.Tests", "Lib.Tests\Lib.Tests.csproj", "{E45DA612-730F-4E26-B2D7-86DD380980EC}"
EndProject
Global
	GlobalSection(SolutionConfigurationPlatforms) = preSolution
		Debug|Any CPU = Debug|Any CPU
		Release|Any CPU = Release|Any CPU
	EndGlobalSection
	GlobalSection(ProjectConfigurationPlatforms) = postSolution
		{8C0B6083-789F-4B21-96F9-9F433FF317D1}.Debug|Any CPU.ActiveCfg = Debug|Any CPU
		{8C0B6083-789F-4B21-96F9-9F433FF317D1}.Debug|Any CPU.Build.0 = Debug|Any CPU
		{8C0B6083-789F-4B21-96F9-9F433FF317D1}.Release|Any CPU.ActiveCfg = Release|Any CPU
		{8C0B6083-789F-4B21-96F9-9F433FF317D1}.Release|Any CPU.Build.0 = Release|Any CPU
		{E5F9C183-D433-404E-9315-A4D627849AC2}.Debug|Any CPU.ActiveCfg = Debug|Any CPU
		{E5F9C183-D433-404E-9315-A4D627849AC2}.Debug|Any CPU.Build.0 = Debug|Any CPU
		{E5F9C183-D433-404E-9315-A4D627849AC2}.Release|Any CPU.ActiveCfg = Release|Any CPU
		{E5F9C183-D433-404E-9315-A4D627849AC2}.Release|Any CPU.Build.0 = Release|Any CPU
		{947A666D-9917-4975-B3E4-7338222F95B5}.Debug|Any CPU.ActiveCfg = Debug|Any CPU
		{947A666D-9917-4975-B3E4-7338222F95B5}.Debug|Any CPU.Build.0 = Debug|Any CPU
		{947A666D-9917-4975-B3E4-7338222F95B5}.Release|Any CPU.ActiveCfg = Release|Any CPU
		{947A666D-9917-4975-B3E4-7338222F95B5}.Release|Any CPU.Build.0 = Release|Any CPU
		{E45DA612-730F-4E26-B2D7-86DD380980EC}.Debug|Any CPU.ActiveCfg = Debug|Any CPU
		{E45DA612-730F-4E26-B2D7-86DD380980EC}.Debug|Any CPU.Build.0 = Debug|Any CPU
		{E45DA612-730F-4E26-B2D7-86DD380980EC}.Release|Any CPU.ActiveCfg = Release|Any CPU
		{E45DA612-730F-4E26-B2D7-86DD380980EC}.Release|Any CPU.Build.0 = Release|Any CPU
	EndGlobalSection
EndGlobal
